
Microsoft Visual Studio Solution File, Format Version 12.00
# Visual Studio Version 17
VisualStudioVersion = 17.4.33213.308
MinimumVisualStudioVersion = 10.0.40219.1
Project("{FAE04EC0-301F-11D3-BF4B-00C04F79EFBC}") = "A3 - String Interpolation", "A3 - String Interpolation\A3 - String Interpolation.csproj", "{513BCEF1-8983-4F6E-8CDC-F4F08D49EBBE}"
EndProject
Global
	GlobalSection(SolutionConfigurationPlatforms) = preSolution
		Debug|Any CPU = Debug|Any CPU
		Release|Any CPU = Release|Any CPU
	EndGlobalSection
	GlobalSection(ProjectConfigurationPlatforms) = postSolution
		{513BCEF1-8983-4F6E-8CDC-F4F08D49EBBE}.Debug|Any CPU.ActiveCfg = Debug|Any CPU
		{513BCEF1-8983-4F6E-8CDC-F4F08D49EBBE}.Debug|Any CPU.Build.0 = Debug|Any CPU
		{513BCEF1-8983-4F6E-8CDC-F4F08D49EBBE}.Release|Any CPU.ActiveCfg = Release|Any CPU
		{513BCEF1-8983-4F6E-8CDC-F4F08D49EBBE}.Release|Any CPU.Build.0 = Release|Any CPU
	EndGlobalSection
	GlobalSection(SolutionProperties) = preSolution
		HideSolutionNode = FALSE
	EndGlobalSection
	GlobalSection(ExtensibilityGlobals) = postSolution
		SolutionGuid = {F7F22D53-F33F-4579-8183-CE1CFF9E8AB5}
	EndGlobalSection
EndGlobal
